
Microsoft Visual Studio Solution File, Format Version 12.00
# Visual Studio 15
VisualStudioVersion = 15.0.26114.2
MinimumVisualStudioVersion = 10.0.40219.1
Project("{2150E333-8FDC-42A3-9474-1A3956D46DE8}") = "src", "src", "{88A2B525-3326-4652-9BA4-A26227703B4C}"
EndProject
Project("{2150E333-8FDC-42A3-9474-1A3956D46DE8}") = "test", "test", "{DC682EBD-33E3-4ECF-922A-C022758E34E6}"
EndProject
Project("{FAE04EC0-301F-11D3-BF4B-00C04F79EFBC}") = "Serilog.Sinks.NLog", "src\Serilog.Sinks.NLog\Serilog.Sinks.NLog.csproj", "{DCFCF977-0008-425D-8293-EC931AC25B64}"
EndProject
Project("{FAE04EC0-301F-11D3-BF4B-00C04F79EFBC}") = "Serilog.Sinks.NLog.Tests", "test\Serilog.Sinks.NLog.Tests\Serilog.Sinks.NLog.Tests.csproj", "{9C8F0F2F-4CCE-472B-AD67-4304A33A9545}"
EndProject
Global
	GlobalSection(SolutionConfigurationPlatforms) = preSolution
		Debug|Any CPU = Debug|Any CPU
		Release|Any CPU = Release|Any CPU
	EndGlobalSection
	GlobalSection(ProjectConfigurationPlatforms) = postSolution
		{DCFCF977-0008-425D-8293-EC931AC25B64}.Debug|Any CPU.ActiveCfg = Debug|Any CPU
		{DCFCF977-0008-425D-8293-EC931AC25B64}.Debug|Any CPU.Build.0 = Debug|Any CPU
		{DCFCF977-0008-425D-8293-EC931AC25B64}.Release|Any CPU.ActiveCfg = Release|Any CPU
		{DCFCF977-0008-425D-8293-EC931AC25B64}.Release|Any CPU.Build.0 = Release|Any CPU
		{9C8F0F2F-4CCE-472B-AD67-4304A33A9545}.Debug|Any CPU.ActiveCfg = Debug|Any CPU
		{9C8F0F2F-4CCE-472B-AD67-4304A33A9545}.Debug|Any CPU.Build.0 = Debug|Any CPU
		{9C8F0F2F-4CCE-472B-AD67-4304A33A9545}.Release|Any CPU.ActiveCfg = Release|Any CPU
		{9C8F0F2F-4CCE-472B-AD67-4304A33A9545}.Release|Any CPU.Build.0 = Release|Any CPU
	EndGlobalSection
	GlobalSection(SolutionProperties) = preSolution
		HideSolutionNode = FALSE
	EndGlobalSection
	GlobalSection(NestedProjects) = preSolution
		{DCFCF977-0008-425D-8293-EC931AC25B64} = {88A2B525-3326-4652-9BA4-A26227703B4C}
		{9C8F0F2F-4CCE-472B-AD67-4304A33A9545} = {DC682EBD-33E3-4ECF-922A-C022758E34E6}
	EndGlobalSection
EndGlobal
